
Microsoft Visual Studio Solution File, Format Version 12.00
# Visual Studio 15
VisualStudioVersion = 15.0.27130.2027
MinimumVisualStudioVersion = 10.0.40219.1
Project("{FAE04EC0-301F-11D3-BF4B-00C04F79EFBC}") = "MathsLibrary", "MathsLibrary\MathsLibrary.csproj", "{B3025E9A-673F-47A5-8DFE-842D7554F693}"
EndProject
Project("{FAE04EC0-301F-11D3-BF4B-00C04F79EFBC}") = "MathsClient", "MathsClient\MathsClient.csproj", "{83D61ED6-696C-45A8-8B42-BF7C8EAC7711}"
	ProjectSection(ProjectDependencies) = postProject
		{B3025E9A-673F-47A5-8DFE-842D7554F693} = {B3025E9A-673F-47A5-8DFE-842D7554F693}
	EndProjectSection
EndProject
Global
	GlobalSection(SolutionConfigurationPlatforms) = preSolution
		Debug|Any CPU = Debug|Any CPU
		Release|Any CPU = Release|Any CPU
	EndGlobalSection
	GlobalSection(ProjectConfigurationPlatforms) = postSolution
		{B3025E9A-673F-47A5-8DFE-842D7554F693}.Debug|Any CPU.ActiveCfg = Debug|Any CPU
		{B3025E9A-673F-47A5-8DFE-842D7554F693}.Debug|Any CPU.Build.0 = Debug|Any CPU
		{B3025E9A-673F-47A5-8DFE-842D7554F693}.Release|Any CPU.ActiveCfg = Release|Any CPU
		{B3025E9A-673F-47A5-8DFE-842D7554F693}.Release|Any CPU.Build.0 = Release|Any CPU
		{83D61ED6-696C-45A8-8B42-BF7C8EAC7711}.Debug|Any CPU.ActiveCfg = Debug|Any CPU
		{83D61ED6-696C-45A8-8B42-BF7C8EAC7711}.Debug|Any CPU.Build.0 = Debug|Any CPU
		{83D61ED6-696C-45A8-8B42-BF7C8EAC7711}.Release|Any CPU.ActiveCfg = Release|Any CPU
		{83D61ED6-696C-45A8-8B42-BF7C8EAC7711}.Release|Any CPU.Build.0 = Release|Any CPU
	EndGlobalSection
	GlobalSection(SolutionProperties) = preSolution
		HideSolutionNode = FALSE
	EndGlobalSection
	GlobalSection(ExtensibilityGlobals) = postSolution
		SolutionGuid = {8EBDABDC-4A20-47F1-BBB4-C0546DD14F65}
	EndGlobalSection
EndGlobal
